
Microsoft Visual Studio Solution File, Format Version 12.00
# Visual Studio Version 17
VisualStudioVersion = 17.8.34525.116
MinimumVisualStudioVersion = 10.0.40219.1
Project("{FAE04EC0-301F-11D3-BF4B-00C04F79EFBC}") = "PROG6212_PART2", "PROG6212_PART2\PROG6212_PART2.csproj", "{AD1A483D-BB52-402F-BE39-D09672E9AE3E}"
EndProject
Global
	GlobalSection(SolutionConfigurationPlatforms) = preSolution
		Debug|Any CPU = Debug|Any CPU
		Release|Any CPU = Release|Any CPU
	EndGlobalSection
	GlobalSection(ProjectConfigurationPlatforms) = postSolution
		{AD1A483D-BB52-402F-BE39-D09672E9AE3E}.Debug|Any CPU.ActiveCfg = Debug|Any CPU
		{AD1A483D-BB52-402F-BE39-D09672E9AE3E}.Debug|Any CPU.Build.0 = Debug|Any CPU
		{AD1A483D-BB52-402F-BE39-D09672E9AE3E}.Release|Any CPU.ActiveCfg = Release|Any CPU
		{AD1A483D-BB52-402F-BE39-D09672E9AE3E}.Release|Any CPU.Build.0 = Release|Any CPU
	EndGlobalSection
	GlobalSection(SolutionProperties) = preSolution
		HideSolutionNode = FALSE
	EndGlobalSection
	GlobalSection(ExtensibilityGlobals) = postSolution
		SolutionGuid = {233F84D0-DCB3-4E20-8DD7-7E71DDC393D4}
	EndGlobalSection
EndGlobal
